
Microsoft Visual Studio Solution File, Format Version 12.00
# Visual Studio Version 17
VisualStudioVersion = 17.2.32630.192
MinimumVisualStudioVersion = 10.0.40219.1
Project("{FAE04EC0-301F-11D3-BF4B-00C04F79EFBC}") = "AdventOfCode2022", "AdventOfCode2022\AdventOfCode2022.csproj", "{C9D77DE0-BE6E-451B-ADF2-22C04A319CD3}"
EndProject
Project("{FAE04EC0-301F-11D3-BF4B-00C04F79EFBC}") = "Utility", "Utility\Utility.csproj", "{6C178D50-11D8-49DB-B3B3-44F41A422AED}"
EndProject
Global
	GlobalSection(SolutionConfigurationPlatforms) = preSolution
		Debug|Any CPU = Debug|Any CPU
		Release|Any CPU = Release|Any CPU
	EndGlobalSection
	GlobalSection(ProjectConfigurationPlatforms) = postSolution
		{C9D77DE0-BE6E-451B-ADF2-22C04A319CD3}.Debug|Any CPU.ActiveCfg = Debug|Any CPU
		{C9D77DE0-BE6E-451B-ADF2-22C04A319CD3}.Debug|Any CPU.Build.0 = Debug|Any CPU
		{C9D77DE0-BE6E-451B-ADF2-22C04A319CD3}.Release|Any CPU.ActiveCfg = Release|Any CPU
		{C9D77DE0-BE6E-451B-ADF2-22C04A319CD3}.Release|Any CPU.Build.0 = Release|Any CPU
		{6C178D50-11D8-49DB-B3B3-44F41A422AED}.Debug|Any CPU.ActiveCfg = Debug|Any CPU
		{6C178D50-11D8-49DB-B3B3-44F41A422AED}.Debug|Any CPU.Build.0 = Debug|Any CPU
		{6C178D50-11D8-49DB-B3B3-44F41A422AED}.Release|Any CPU.ActiveCfg = Release|Any CPU
		{6C178D50-11D8-49DB-B3B3-44F41A422AED}.Release|Any CPU.Build.0 = Release|Any CPU
	EndGlobalSection
	GlobalSection(SolutionProperties) = preSolution
		HideSolutionNode = FALSE
	EndGlobalSection
	GlobalSection(ExtensibilityGlobals) = postSolution
		SolutionGuid = {48835AD6-94D5-412B-96CC-5BD179362352}
	EndGlobalSection
EndGlobal
